
Microsoft Visual Studio Solution File, Format Version 12.00
# Visual Studio 15
VisualStudioVersion = 15.0.27428.2043
MinimumVisualStudioVersion = 10.0.40219.1
Project("{9A19103F-16F7-4668-BE54-9A1E7A4F7556}") = "CryptoPriceAtHistory", "CryptoPriceAtHistory\CryptoPriceAtHistory.csproj", "{303A5AF6-7FA6-4825-9577-D08653C946C9}"
EndProject
Project("{FAE04EC0-301F-11D3-BF4B-00C04F79EFBC}") = "CryptoPriceAtHistory.Tests", "CryptoPriceAtHistory.Tests\CryptoPriceAtHistory.Tests.csproj", "{C3AD7245-4588-4486-B817-E5A791598645}"
EndProject
Global
	GlobalSection(SolutionConfigurationPlatforms) = preSolution
		Debug|Any CPU = Debug|Any CPU
		Release|Any CPU = Release|Any CPU
	EndGlobalSection
	GlobalSection(ProjectConfigurationPlatforms) = postSolution
		{303A5AF6-7FA6-4825-9577-D08653C946C9}.Debug|Any CPU.ActiveCfg = Debug|Any CPU
		{303A5AF6-7FA6-4825-9577-D08653C946C9}.Debug|Any CPU.Build.0 = Debug|Any CPU
		{303A5AF6-7FA6-4825-9577-D08653C946C9}.Release|Any CPU.ActiveCfg = Release|Any CPU
		{303A5AF6-7FA6-4825-9577-D08653C946C9}.Release|Any CPU.Build.0 = Release|Any CPU
		{C3AD7245-4588-4486-B817-E5A791598645}.Debug|Any CPU.ActiveCfg = Debug|Any CPU
		{C3AD7245-4588-4486-B817-E5A791598645}.Debug|Any CPU.Build.0 = Debug|Any CPU
		{C3AD7245-4588-4486-B817-E5A791598645}.Release|Any CPU.ActiveCfg = Release|Any CPU
		{C3AD7245-4588-4486-B817-E5A791598645}.Release|Any CPU.Build.0 = Release|Any CPU
	EndGlobalSection
	GlobalSection(SolutionProperties) = preSolution
		HideSolutionNode = FALSE
	EndGlobalSection
	GlobalSection(ExtensibilityGlobals) = postSolution
		SolutionGuid = {16A58364-D816-4BBE-B826-15BE9C9EAC4F}
	EndGlobalSection
EndGlobal
